
Microsoft Visual Studio Solution File, Format Version 12.00
# Visual Studio Version 17
VisualStudioVersion = 17.7.34009.444
MinimumVisualStudioVersion = 10.0.40219.1
Project("{FAE04EC0-301F-11D3-BF4B-00C04F79EFBC}") = "CheckoutWithPaystack", "CheckoutWithPaystack\CheckoutWithPaystack.csproj", "{7EB08BA3-6D56-4AC2-A7B6-C6B61259824F}"
EndProject
Global
	GlobalSection(SolutionConfigurationPlatforms) = preSolution
		Debug|Any CPU = Debug|Any CPU
		Release|Any CPU = Release|Any CPU
	EndGlobalSection
	GlobalSection(ProjectConfigurationPlatforms) = postSolution
		{7EB08BA3-6D56-4AC2-A7B6-C6B61259824F}.Debug|Any CPU.ActiveCfg = Debug|Any CPU
		{7EB08BA3-6D56-4AC2-A7B6-C6B61259824F}.Debug|Any CPU.Build.0 = Debug|Any CPU
		{7EB08BA3-6D56-4AC2-A7B6-C6B61259824F}.Release|Any CPU.ActiveCfg = Release|Any CPU
		{7EB08BA3-6D56-4AC2-A7B6-C6B61259824F}.Release|Any CPU.Build.0 = Release|Any CPU
	EndGlobalSection
	GlobalSection(SolutionProperties) = preSolution
		HideSolutionNode = FALSE
	EndGlobalSection
	GlobalSection(ExtensibilityGlobals) = postSolution
		SolutionGuid = {A7AD1D4C-3570-4E38-B665-F14302018B73}
	EndGlobalSection
EndGlobal
